
Microsoft Visual Studio Solution File, Format Version 12.00
# Visual Studio 15
VisualStudioVersion = 15.0.25807.0
MinimumVisualStudioVersion = 10.0.40219.1
Project("{2150E333-8FDC-42A3-9474-1A3956D46DE8}") = "Engine", "Engine", "{355AF7B8-A6E9-4ABB-B1D3-FAD7ABD2F60F}"
EndProject
Project("{2150E333-8FDC-42A3-9474-1A3956D46DE8}") = "Games", "Games", "{1C82BA64-A720-489E-A051-BF68D5E88BE2}"
EndProject
Project("{8BC9CEB8-8B4A-11D0-8D11-00A0C91BC942}") = "UE4", "Intermediate\ProjectFiles\UE4.vcxproj", "{517595EA-3A32-40FD-B329-137720C6601E}"
EndProject
Project("{8BC9CEB8-8B4A-11D0-8D11-00A0C91BC942}") = "Building_Escape", "Intermediate\ProjectFiles\Building_Escape.vcxproj", "{969DCBA5-B8C0-409E-9F42-ECBC9EB0B8AE}"
EndProject
Global
	GlobalSection(SolutionConfigurationPlatforms) = preSolution
		DebugGame Editor|HTML5 = DebugGame Editor|HTML5
		DebugGame Editor|Win32 = DebugGame Editor|Win32
		DebugGame Editor|Win64 = DebugGame Editor|Win64
		DebugGame|HTML5 = DebugGame|HTML5
		DebugGame|Win32 = DebugGame|Win32
		DebugGame|Win64 = DebugGame|Win64
		Development Editor|HTML5 = Development Editor|HTML5
		Development Editor|Win32 = Development Editor|Win32
		Development Editor|Win64 = Development Editor|Win64
		Development|HTML5 = Development|HTML5
		Development|Win32 = Development|Win32
		Development|Win64 = Development|Win64
		Shipping|HTML5 = Shipping|HTML5
		Shipping|Win32 = Shipping|Win32
		Shipping|Win64 = Shipping|Win64
	EndGlobalSection
	GlobalSection(ProjectConfigurationPlatforms) = postSolution
		{517595EA-3A32-40FD-B329-137720C6601E}.DebugGame Editor|HTML5.ActiveCfg = BuiltWithUnrealBuildTool|Win32
		{517595EA-3A32-40FD-B329-137720C6601E}.DebugGame Editor|HTML5.Build.0 = BuiltWithUnrealBuildTool|Win32
		{517595EA-3A32-40FD-B329-137720C6601E}.DebugGame Editor|Win32.ActiveCfg = BuiltWithUnrealBuildTool|Win32
		{517595EA-3A32-40FD-B329-137720C6601E}.DebugGame Editor|Win32.Build.0 = BuiltWithUnrealBuildTool|Win32
		{517595EA-3A32-40FD-B329-137720C6601E}.DebugGame Editor|Win64.ActiveCfg = BuiltWithUnrealBuildTool|Win32
		{517595EA-3A32-40FD-B329-137720C6601E}.DebugGame Editor|Win64.Build.0 = BuiltWithUnrealBuildTool|Win32
		{517595EA-3A32-40FD-B329-137720C6601E}.DebugGame|HTML5.ActiveCfg = BuiltWithUnrealBuildTool|Win32
		{517595EA-3A32-40FD-B329-137720C6601E}.DebugGame|HTML5.Build.0 = BuiltWithUnrealBuildTool|Win32
		{517595EA-3A32-40FD-B329-137720C6601E}.DebugGame|Win32.ActiveCfg = BuiltWithUnrealBuildTool|Win32
		{517595EA-3A32-40FD-B329-137720C6601E}.DebugGame|Win32.Build.0 = BuiltWithUnrealBuildTool|Win32
		{517595EA-3A32-40FD-B329-137720C6601E}.DebugGame|Win64.ActiveCfg = BuiltWithUnrealBuildTool|Win32
		{517595EA-3A32-40FD-B329-137720C6601E}.DebugGame|Win64.Build.0 = BuiltWithUnrealBuildTool|Win32
		{517595EA-3A32-40FD-B329-137720C6601E}.Development Editor|HTML5.ActiveCfg = BuiltWithUnrealBuildTool|Win32
		{517595EA-3A32-40FD-B329-137720C6601E}.Development Editor|HTML5.Build.0 = BuiltWithUnrealBuildTool|Win32
		{517595EA-3A32-40FD-B329-137720C6601E}.Development Editor|Win32.ActiveCfg = BuiltWithUnrealBuildTool|Win32
		{517595EA-3A32-40FD-B329-137720C6601E}.Development Editor|Win32.Build.0 = BuiltWithUnrealBuildTool|Win32
		{517595EA-3A32-40FD-B329-137720C6601E}.Development Editor|Win64.ActiveCfg = BuiltWithUnrealBuildTool|Win32
		{517595EA-3A32-40FD-B329-137720C6601E}.Development Editor|Win64.Build.0 = BuiltWithUnrealBuildTool|Win32
		{517595EA-3A32-40FD-B329-137720C6601E}.Development|HTML5.ActiveCfg = BuiltWithUnrealBuildTool|Win32
		{517595EA-3A32-40FD-B329-137720C6601E}.Development|HTML5.Build.0 = BuiltWithUnrealBuildTool|Win32
		{517595EA-3A32-40FD-B329-137720C6601E}.Development|Win32.ActiveCfg = BuiltWithUnrealBuildTool|Win32
		{517595EA-3A32-40FD-B329-137720C6601E}.Development|Win32.Build.0 = BuiltWithUnrealBuildTool|Win32
		{517595EA-3A32-40FD-B329-137720C6601E}.Development|Win64.ActiveCfg = BuiltWithUnrealBuildTool|Win32
		{517595EA-3A32-40FD-B329-137720C6601E}.Development|Win64.Build.0 = BuiltWithUnrealBuildTool|Win32
		{517595EA-3A32-40FD-B329-137720C6601E}.Shipping|HTML5.ActiveCfg = BuiltWithUnrealBuildTool|Win32
		{517595EA-3A32-40FD-B329-137720C6601E}.Shipping|HTML5.Build.0 = BuiltWithUnrealBuildTool|Win32
		{517595EA-3A32-40FD-B329-137720C6601E}.Shipping|Win32.ActiveCfg = BuiltWithUnrealBuildTool|Win32
		{517595EA-3A32-40FD-B329-137720C6601E}.Shipping|Win32.Build.0 = BuiltWithUnrealBuildTool|Win32
		{517595EA-3A32-40FD-B329-137720C6601E}.Shipping|Win64.ActiveCfg = BuiltWithUnrealBuildTool|Win32
		{517595EA-3A32-40FD-B329-137720C6601E}.Shipping|Win64.Build.0 = BuiltWithUnrealBuildTool|Win32
		{969DCBA5-B8C0-409E-9F42-ECBC9EB0B8AE}.DebugGame Editor|HTML5.ActiveCfg = HTML5_DebugGame_Editor|Win32
		{969DCBA5-B8C0-409E-9F42-ECBC9EB0B8AE}.DebugGame Editor|Win32.ActiveCfg = DebugGame_Editor|Win32
		{969DCBA5-B8C0-409E-9F42-ECBC9EB0B8AE}.DebugGame Editor|Win64.ActiveCfg = DebugGame_Editor|x64
		{969DCBA5-B8C0-409E-9F42-ECBC9EB0B8AE}.DebugGame Editor|Win64.Build.0 = DebugGame_Editor|x64
		{969DCBA5-B8C0-409E-9F42-ECBC9EB0B8AE}.DebugGame|HTML5.ActiveCfg = HTML5_DebugGame_Game|Win32
		{969DCBA5-B8C0-409E-9F42-ECBC9EB0B8AE}.DebugGame|HTML5.Build.0 = HTML5_DebugGame_Game|Win32
		{969DCBA5-B8C0-409E-9F42-ECBC9EB0B8AE}.DebugGame|Win32.ActiveCfg = DebugGame_Game|Win32
		{969DCBA5-B8C0-409E-9F42-ECBC9EB0B8AE}.DebugGame|Win32.Build.0 = DebugGame_Game|Win32
		{969DCBA5-B8C0-409E-9F42-ECBC9EB0B8AE}.DebugGame|Win64.ActiveCfg = DebugGame_Game|x64
		{969DCBA5-B8C0-409E-9F42-ECBC9EB0B8AE}.DebugGame|Win64.Build.0 = DebugGame_Game|x64
		{969DCBA5-B8C0-409E-9F42-ECBC9EB0B8AE}.Development Editor|HTML5.ActiveCfg = HTML5_Development_Editor|Win32
		{969DCBA5-B8C0-409E-9F42-ECBC9EB0B8AE}.Development Editor|Win32.ActiveCfg = Development_Editor|Win32
		{969DCBA5-B8C0-409E-9F42-ECBC9EB0B8AE}.Development Editor|Win64.ActiveCfg = Development_Editor|x64
		{969DCBA5-B8C0-409E-9F42-ECBC9EB0B8AE}.Development Editor|Win64.Build.0 = Development_Editor|x64
		{969DCBA5-B8C0-409E-9F42-ECBC9EB0B8AE}.Development|HTML5.ActiveCfg = HTML5_Development_Game|Win32
		{969DCBA5-B8C0-409E-9F42-ECBC9EB0B8AE}.Development|HTML5.Build.0 = HTML5_Development_Game|Win32
		{969DCBA5-B8C0-409E-9F42-ECBC9EB0B8AE}.Development|Win32.ActiveCfg = Development_Game|Win32
		{969DCBA5-B8C0-409E-9F42-ECBC9EB0B8AE}.Development|Win32.Build.0 = Development_Game|Win32
		{969DCBA5-B8C0-409E-9F42-ECBC9EB0B8AE}.Development|Win64.ActiveCfg = Development_Game|x64
		{969DCBA5-B8C0-409E-9F42-ECBC9EB0B8AE}.Development|Win64.Build.0 = Development_Game|x64
		{969DCBA5-B8C0-409E-9F42-ECBC9EB0B8AE}.Shipping|HTML5.ActiveCfg = HTML5_Shipping_Game|Win32
		{969DCBA5-B8C0-409E-9F42-ECBC9EB0B8AE}.Shipping|HTML5.Build.0 = HTML5_Shipping_Game|Win32
		{969DCBA5-B8C0-409E-9F42-ECBC9EB0B8AE}.Shipping|Win32.ActiveCfg = Shipping_Game|Win32
		{969DCBA5-B8C0-409E-9F42-ECBC9EB0B8AE}.Shipping|Win32.Build.0 = Shipping_Game|Win32
		{969DCBA5-B8C0-409E-9F42-ECBC9EB0B8AE}.Shipping|Win64.ActiveCfg = Shipping_Game|x64
		{969DCBA5-B8C0-409E-9F42-ECBC9EB0B8AE}.Shipping|Win64.Build.0 = Shipping_Game|x64
	EndGlobalSection
	GlobalSection(SolutionProperties) = preSolution
		HideSolutionNode = FALSE
	EndGlobalSection
	GlobalSection(NestedProjects) = preSolution
		{517595EA-3A32-40FD-B329-137720C6601E} = {355AF7B8-A6E9-4ABB-B1D3-FAD7ABD2F60F}
		{969DCBA5-B8C0-409E-9F42-ECBC9EB0B8AE} = {1C82BA64-A720-489E-A051-BF68D5E88BE2}
	EndGlobalSection
	GlobalSection(ExtensibilityGlobals) = postSolution
		SolutionGuid = {E2FC2311-E772-437B-8B06-14341A14F572}
	EndGlobalSection
EndGlobal
